
Microsoft Visual Studio Solution File, Format Version 12.00
# Visual Studio Version 17
VisualStudioVersion = 17.5.002.0
MinimumVisualStudioVersion = 10.0.40219.1
Project("{9A19103F-16F7-4668-BE54-9A1E7A4F7556}") = "GroopWebApp", "GroopWebApp.csproj", "{951F1CF3-D79B-4894-9D10-596659590D04}"
EndProject
Global
	GlobalSection(SolutionConfigurationPlatforms) = preSolution
		Debug|Any CPU = Debug|Any CPU
		Release|Any CPU = Release|Any CPU
	EndGlobalSection
	GlobalSection(ProjectConfigurationPlatforms) = postSolution
		{951F1CF3-D79B-4894-9D10-596659590D04}.Debug|Any CPU.ActiveCfg = Debug|Any CPU
		{951F1CF3-D79B-4894-9D10-596659590D04}.Debug|Any CPU.Build.0 = Debug|Any CPU
		{951F1CF3-D79B-4894-9D10-596659590D04}.Release|Any CPU.ActiveCfg = Release|Any CPU
		{951F1CF3-D79B-4894-9D10-596659590D04}.Release|Any CPU.Build.0 = Release|Any CPU
	EndGlobalSection
	GlobalSection(SolutionProperties) = preSolution
		HideSolutionNode = FALSE
	EndGlobalSection
	GlobalSection(ExtensibilityGlobals) = postSolution
		SolutionGuid = {84DBBCA2-124A-4B0E-936B-7912013E10BB}
	EndGlobalSection
EndGlobal
